
Microsoft Visual Studio Solution File, Format Version 12.00
# Visual Studio Version 16
VisualStudioVersion = 16.0.29306.81
MinimumVisualStudioVersion = 10.0.40219.1
Project("{FAE04EC0-301F-11D3-BF4B-00C04F79EFBC}") = "MyFirstApp", "MyFirstApp\MyFirstApp.csproj", "{525EAF1C-BD0D-462E-9A2A-E74EB9C4A655}"
EndProject
Global
	GlobalSection(SolutionConfigurationPlatforms) = preSolution
		Debug|Any CPU = Debug|Any CPU
		Release|Any CPU = Release|Any CPU
	EndGlobalSection
	GlobalSection(ProjectConfigurationPlatforms) = postSolution
		{525EAF1C-BD0D-462E-9A2A-E74EB9C4A655}.Debug|Any CPU.ActiveCfg = Debug|Any CPU
		{525EAF1C-BD0D-462E-9A2A-E74EB9C4A655}.Debug|Any CPU.Build.0 = Debug|Any CPU
		{525EAF1C-BD0D-462E-9A2A-E74EB9C4A655}.Release|Any CPU.ActiveCfg = Release|Any CPU
		{525EAF1C-BD0D-462E-9A2A-E74EB9C4A655}.Release|Any CPU.Build.0 = Release|Any CPU
	EndGlobalSection
	GlobalSection(SolutionProperties) = preSolution
		HideSolutionNode = FALSE
	EndGlobalSection
	GlobalSection(ExtensibilityGlobals) = postSolution
		SolutionGuid = {55EC4C69-29C5-4A88-81F8-C0AFE005BF0C}
	EndGlobalSection
EndGlobal
